
Microsoft Visual Studio Solution File, Format Version 12.00
# Visual Studio Version 17
VisualStudioVersion = 17.11.35222.181
MinimumVisualStudioVersion = 10.0.40219.1
Project("{9A19103F-16F7-4668-BE54-9A1E7A4F7556}") = "Exercicio01", "Exercicio01\Exercicio01.csproj", "{0BA229BF-3DAB-466F-BBC9-F4A8D3873DD1}"
EndProject
Project("{9A19103F-16F7-4668-BE54-9A1E7A4F7556}") = "Exercicio02", "Exercicio02\Exercicio02.csproj", "{87004C84-2547-4D0E-B990-C81F4A3F478F}"
EndProject
Project("{9A19103F-16F7-4668-BE54-9A1E7A4F7556}") = "Exercicio03", "Exercicio03\Exercicio03.csproj", "{D5A26B7C-7F2F-4975-8548-08C7C15EC4CD}"
EndProject
Project("{9A19103F-16F7-4668-BE54-9A1E7A4F7556}") = "Exercicio04", "Exercicio04\Exercicio04.csproj", "{98BCC20F-46AD-4683-9D4E-6ED0F1800C16}"
EndProject
Project("{9A19103F-16F7-4668-BE54-9A1E7A4F7556}") = "Exercicio05", "Exercicio05\Exercicio05.csproj", "{BB678B21-DA5B-483C-8CAE-934D8FBA5E17}"
EndProject
Project("{9A19103F-16F7-4668-BE54-9A1E7A4F7556}") = "Exercicio06", "Exercicio06\Exercicio06.csproj", "{829AAE5C-188B-4F76-8997-6CBB00192032}"
EndProject
Project("{9A19103F-16F7-4668-BE54-9A1E7A4F7556}") = "Exercicio07", "Exercicio07\Exercicio07.csproj", "{F8CEAB03-9800-4965-8492-5CC6AA67043B}"
EndProject
Project("{9A19103F-16F7-4668-BE54-9A1E7A4F7556}") = "Exercicio08", "Exercicio08\Exercicio08.csproj", "{25FE769D-DE54-4788-856B-0C00B8B16539}"
EndProject
Project("{9A19103F-16F7-4668-BE54-9A1E7A4F7556}") = "Exercicio09", "Exercicio09\Exercicio09.csproj", "{4ABE67E2-DC8C-4747-B587-C14FFBD46B85}"
EndProject
Project("{9A19103F-16F7-4668-BE54-9A1E7A4F7556}") = "Exercicio10", "Exercicio10\Exercicio10.csproj", "{BE5AE9F0-0FC0-418E-B25D-BFBB03869FB0}"
EndProject
Project("{9A19103F-16F7-4668-BE54-9A1E7A4F7556}") = "Exercicio11", "Exercicio11\Exercicio11.csproj", "{3BC975C9-7058-4F1D-8A6E-F89D36D60BED}"
EndProject
Project("{9A19103F-16F7-4668-BE54-9A1E7A4F7556}") = "Exercicio12", "Exercicio12\Exercicio12.csproj", "{75FA81F4-8C82-490E-9DF8-B0F4175CA3B2}"
EndProject
Project("{9A19103F-16F7-4668-BE54-9A1E7A4F7556}") = "Exercicio13", "Exercicio13\Exercicio13.csproj", "{3BFA3C78-C3F5-459B-9376-B02D7A7EAE54}"
EndProject
Project("{9A19103F-16F7-4668-BE54-9A1E7A4F7556}") = "Exercicio14", "Exercicio14\Exercicio14.csproj", "{9206443D-B85A-4407-982A-CB7BFDD2E92C}"
EndProject
Project("{9A19103F-16F7-4668-BE54-9A1E7A4F7556}") = "Exercicio15", "Exercicio15\Exercicio15.csproj", "{929B7662-F630-4A0E-8807-3D709EF03BE3}"
EndProject
Project("{9A19103F-16F7-4668-BE54-9A1E7A4F7556}") = "Exercicio16", "Exercicio16\Exercicio16.csproj", "{5BA2A256-219D-4824-968A-12543D7594A9}"
EndProject
Project("{9A19103F-16F7-4668-BE54-9A1E7A4F7556}") = "Exercicio17", "Exercicio17\Exercicio17.csproj", "{9A5D1589-5975-4E96-B6B2-51621C21E346}"
EndProject
Project("{9A19103F-16F7-4668-BE54-9A1E7A4F7556}") = "Exercicio18", "Exercicio18\Exercicio18.csproj", "{03E34EA2-B3F3-474F-A267-52B87D7364B8}"
EndProject
Project("{9A19103F-16F7-4668-BE54-9A1E7A4F7556}") = "Exercicio19", "Exercicio19\Exercicio19.csproj", "{27593585-D68F-473B-B130-FF68AE19DD22}"
EndProject
Project("{9A19103F-16F7-4668-BE54-9A1E7A4F7556}") = "Exercicio20", "Exercicio20\Exercicio20.csproj", "{BC7AC3EF-3D18-4894-99F8-F47DD7AB7F48}"
EndProject
Project("{9A19103F-16F7-4668-BE54-9A1E7A4F7556}") = "Exercicio21", "Exercicio21\Exercicio21.csproj", "{0AC74A83-0BB7-49F4-B2AD-7359A6D3A219}"
EndProject
Project("{9A19103F-16F7-4668-BE54-9A1E7A4F7556}") = "Exercicio22", "Exercicio22\Exercicio22.csproj", "{19777A7C-3BCB-4EA4-8CFD-D636263F61F8}"
EndProject
Project("{FAE04EC0-301F-11D3-BF4B-00C04F79EFBC}") = "Exercicio23", "Exercicio23\Exercicio23.csproj", "{D17E3072-094B-463A-A108-EF64EB48A2A1}"
EndProject
Global
	GlobalSection(SolutionConfigurationPlatforms) = preSolution
		Debug|Any CPU = Debug|Any CPU
		Release|Any CPU = Release|Any CPU
	EndGlobalSection
	GlobalSection(ProjectConfigurationPlatforms) = postSolution
		{0BA229BF-3DAB-466F-BBC9-F4A8D3873DD1}.Debug|Any CPU.ActiveCfg = Debug|Any CPU
		{0BA229BF-3DAB-466F-BBC9-F4A8D3873DD1}.Debug|Any CPU.Build.0 = Debug|Any CPU
		{0BA229BF-3DAB-466F-BBC9-F4A8D3873DD1}.Release|Any CPU.ActiveCfg = Release|Any CPU
		{0BA229BF-3DAB-466F-BBC9-F4A8D3873DD1}.Release|Any CPU.Build.0 = Release|Any CPU
		{87004C84-2547-4D0E-B990-C81F4A3F478F}.Debug|Any CPU.ActiveCfg = Debug|Any CPU
		{87004C84-2547-4D0E-B990-C81F4A3F478F}.Debug|Any CPU.Build.0 = Debug|Any CPU
		{87004C84-2547-4D0E-B990-C81F4A3F478F}.Release|Any CPU.ActiveCfg = Release|Any CPU
		{87004C84-2547-4D0E-B990-C81F4A3F478F}.Release|Any CPU.Build.0 = Release|Any CPU
		{D5A26B7C-7F2F-4975-8548-08C7C15EC4CD}.Debug|Any CPU.ActiveCfg = Debug|Any CPU
		{D5A26B7C-7F2F-4975-8548-08C7C15EC4CD}.Debug|Any CPU.Build.0 = Debug|Any CPU
		{D5A26B7C-7F2F-4975-8548-08C7C15EC4CD}.Release|Any CPU.ActiveCfg = Release|Any CPU
		{D5A26B7C-7F2F-4975-8548-08C7C15EC4CD}.Release|Any CPU.Build.0 = Release|Any CPU
		{98BCC20F-46AD-4683-9D4E-6ED0F1800C16}.Debug|Any CPU.ActiveCfg = Debug|Any CPU
		{98BCC20F-46AD-4683-9D4E-6ED0F1800C16}.Debug|Any CPU.Build.0 = Debug|Any CPU
		{98BCC20F-46AD-4683-9D4E-6ED0F1800C16}.Release|Any CPU.ActiveCfg = Release|Any CPU
		{98BCC20F-46AD-4683-9D4E-6ED0F1800C16}.Release|Any CPU.Build.0 = Release|Any CPU
		{BB678B21-DA5B-483C-8CAE-934D8FBA5E17}.Debug|Any CPU.ActiveCfg = Debug|Any CPU
		{BB678B21-DA5B-483C-8CAE-934D8FBA5E17}.Debug|Any CPU.Build.0 = Debug|Any CPU
		{BB678B21-DA5B-483C-8CAE-934D8FBA5E17}.Release|Any CPU.ActiveCfg = Release|Any CPU
		{BB678B21-DA5B-483C-8CAE-934D8FBA5E17}.Release|Any CPU.Build.0 = Release|Any CPU
		{829AAE5C-188B-4F76-8997-6CBB00192032}.Debug|Any CPU.ActiveCfg = Debug|Any CPU
		{829AAE5C-188B-4F76-8997-6CBB00192032}.Debug|Any CPU.Build.0 = Debug|Any CPU
		{829AAE5C-188B-4F76-8997-6CBB00192032}.Release|Any CPU.ActiveCfg = Release|Any CPU
		{829AAE5C-188B-4F76-8997-6CBB00192032}.Release|Any CPU.Build.0 = Release|Any CPU
		{F8CEAB03-9800-4965-8492-5CC6AA67043B}.Debug|Any CPU.ActiveCfg = Debug|Any CPU
		{F8CEAB03-9800-4965-8492-5CC6AA67043B}.Debug|Any CPU.Build.0 = Debug|Any CPU
		{F8CEAB03-9800-4965-8492-5CC6AA67043B}.Release|Any CPU.ActiveCfg = Release|Any CPU
		{F8CEAB03-9800-4965-8492-5CC6AA67043B}.Release|Any CPU.Build.0 = Release|Any CPU
		{25FE769D-DE54-4788-856B-0C00B8B16539}.Debug|Any CPU.ActiveCfg = Debug|Any CPU
		{25FE769D-DE54-4788-856B-0C00B8B16539}.Debug|Any CPU.Build.0 = Debug|Any CPU
		{25FE769D-DE54-4788-856B-0C00B8B16539}.Release|Any CPU.ActiveCfg = Release|Any CPU
		{25FE769D-DE54-4788-856B-0C00B8B16539}.Release|Any CPU.Build.0 = Release|Any CPU
		{4ABE67E2-DC8C-4747-B587-C14FFBD46B85}.Debug|Any CPU.ActiveCfg = Debug|Any CPU
		{4ABE67E2-DC8C-4747-B587-C14FFBD46B85}.Debug|Any CPU.Build.0 = Debug|Any CPU
		{4ABE67E2-DC8C-4747-B587-C14FFBD46B85}.Release|Any CPU.ActiveCfg = Release|Any CPU
		{4ABE67E2-DC8C-4747-B587-C14FFBD46B85}.Release|Any CPU.Build.0 = Release|Any CPU
		{BE5AE9F0-0FC0-418E-B25D-BFBB03869FB0}.Debug|Any CPU.ActiveCfg = Debug|Any CPU
		{BE5AE9F0-0FC0-418E-B25D-BFBB03869FB0}.Debug|Any CPU.Build.0 = Debug|Any CPU
		{BE5AE9F0-0FC0-418E-B25D-BFBB03869FB0}.Release|Any CPU.ActiveCfg = Release|Any CPU
		{BE5AE9F0-0FC0-418E-B25D-BFBB03869FB0}.Release|Any CPU.Build.0 = Release|Any CPU
		{3BC975C9-7058-4F1D-8A6E-F89D36D60BED}.Debug|Any CPU.ActiveCfg = Debug|Any CPU
		{3BC975C9-7058-4F1D-8A6E-F89D36D60BED}.Debug|Any CPU.Build.0 = Debug|Any CPU
		{3BC975C9-7058-4F1D-8A6E-F89D36D60BED}.Release|Any CPU.ActiveCfg = Release|Any CPU
		{3BC975C9-7058-4F1D-8A6E-F89D36D60BED}.Release|Any CPU.Build.0 = Release|Any CPU
		{75FA81F4-8C82-490E-9DF8-B0F4175CA3B2}.Debug|Any CPU.ActiveCfg = Debug|Any CPU
		{75FA81F4-8C82-490E-9DF8-B0F4175CA3B2}.Debug|Any CPU.Build.0 = Debug|Any CPU
		{75FA81F4-8C82-490E-9DF8-B0F4175CA3B2}.Release|Any CPU.ActiveCfg = Release|Any CPU
		{75FA81F4-8C82-490E-9DF8-B0F4175CA3B2}.Release|Any CPU.Build.0 = Release|Any CPU
		{3BFA3C78-C3F5-459B-9376-B02D7A7EAE54}.Debug|Any CPU.ActiveCfg = Debug|Any CPU
		{3BFA3C78-C3F5-459B-9376-B02D7A7EAE54}.Debug|Any CPU.Build.0 = Debug|Any CPU
		{3BFA3C78-C3F5-459B-9376-B02D7A7EAE54}.Release|Any CPU.ActiveCfg = Release|Any CPU
		{3BFA3C78-C3F5-459B-9376-B02D7A7EAE54}.Release|Any CPU.Build.0 = Release|Any CPU
		{9206443D-B85A-4407-982A-CB7BFDD2E92C}.Debug|Any CPU.ActiveCfg = Debug|Any CPU
		{9206443D-B85A-4407-982A-CB7BFDD2E92C}.Debug|Any CPU.Build.0 = Debug|Any CPU
		{9206443D-B85A-4407-982A-CB7BFDD2E92C}.Release|Any CPU.ActiveCfg = Release|Any CPU
		{9206443D-B85A-4407-982A-CB7BFDD2E92C}.Release|Any CPU.Build.0 = Release|Any CPU
		{929B7662-F630-4A0E-8807-3D709EF03BE3}.Debug|Any CPU.ActiveCfg = Debug|Any CPU
		{929B7662-F630-4A0E-8807-3D709EF03BE3}.Debug|Any CPU.Build.0 = Debug|Any CPU
		{929B7662-F630-4A0E-8807-3D709EF03BE3}.Release|Any CPU.ActiveCfg = Release|Any CPU
		{929B7662-F630-4A0E-8807-3D709EF03BE3}.Release|Any CPU.Build.0 = Release|Any CPU
		{5BA2A256-219D-4824-968A-12543D7594A9}.Debug|Any CPU.ActiveCfg = Debug|Any CPU
		{5BA2A256-219D-4824-968A-12543D7594A9}.Debug|Any CPU.Build.0 = Debug|Any CPU
		{5BA2A256-219D-4824-968A-12543D7594A9}.Release|Any CPU.ActiveCfg = Release|Any CPU
		{5BA2A256-219D-4824-968A-12543D7594A9}.Release|Any CPU.Build.0 = Release|Any CPU
		{9A5D1589-5975-4E96-B6B2-51621C21E346}.Debug|Any CPU.ActiveCfg = Debug|Any CPU
		{9A5D1589-5975-4E96-B6B2-51621C21E346}.Debug|Any CPU.Build.0 = Debug|Any CPU
		{9A5D1589-5975-4E96-B6B2-51621C21E346}.Release|Any CPU.ActiveCfg = Release|Any CPU
		{9A5D1589-5975-4E96-B6B2-51621C21E346}.Release|Any CPU.Build.0 = Release|Any CPU
		{03E34EA2-B3F3-474F-A267-52B87D7364B8}.Debug|Any CPU.ActiveCfg = Debug|Any CPU
		{03E34EA2-B3F3-474F-A267-52B87D7364B8}.Debug|Any CPU.Build.0 = Debug|Any CPU
		{03E34EA2-B3F3-474F-A267-52B87D7364B8}.Release|Any CPU.ActiveCfg = Release|Any CPU
		{03E34EA2-B3F3-474F-A267-52B87D7364B8}.Release|Any CPU.Build.0 = Release|Any CPU
		{27593585-D68F-473B-B130-FF68AE19DD22}.Debug|Any CPU.ActiveCfg = Debug|Any CPU
		{27593585-D68F-473B-B130-FF68AE19DD22}.Debug|Any CPU.Build.0 = Debug|Any CPU
		{27593585-D68F-473B-B130-FF68AE19DD22}.Release|Any CPU.ActiveCfg = Release|Any CPU
		{27593585-D68F-473B-B130-FF68AE19DD22}.Release|Any CPU.Build.0 = Release|Any CPU
		{BC7AC3EF-3D18-4894-99F8-F47DD7AB7F48}.Debug|Any CPU.ActiveCfg = Debug|Any CPU
		{BC7AC3EF-3D18-4894-99F8-F47DD7AB7F48}.Debug|Any CPU.Build.0 = Debug|Any CPU
		{BC7AC3EF-3D18-4894-99F8-F47DD7AB7F48}.Release|Any CPU.ActiveCfg = Release|Any CPU
		{BC7AC3EF-3D18-4894-99F8-F47DD7AB7F48}.Release|Any CPU.Build.0 = Release|Any CPU
		{0AC74A83-0BB7-49F4-B2AD-7359A6D3A219}.Debug|Any CPU.ActiveCfg = Debug|Any CPU
		{0AC74A83-0BB7-49F4-B2AD-7359A6D3A219}.Debug|Any CPU.Build.0 = Debug|Any CPU
		{0AC74A83-0BB7-49F4-B2AD-7359A6D3A219}.Release|Any CPU.ActiveCfg = Release|Any CPU
		{0AC74A83-0BB7-49F4-B2AD-7359A6D3A219}.Release|Any CPU.Build.0 = Release|Any CPU
		{19777A7C-3BCB-4EA4-8CFD-D636263F61F8}.Debug|Any CPU.ActiveCfg = Debug|Any CPU
		{19777A7C-3BCB-4EA4-8CFD-D636263F61F8}.Debug|Any CPU.Build.0 = Debug|Any CPU
		{19777A7C-3BCB-4EA4-8CFD-D636263F61F8}.Release|Any CPU.ActiveCfg = Release|Any CPU
		{19777A7C-3BCB-4EA4-8CFD-D636263F61F8}.Release|Any CPU.Build.0 = Release|Any CPU
		{D17E3072-094B-463A-A108-EF64EB48A2A1}.Debug|Any CPU.ActiveCfg = Debug|Any CPU
		{D17E3072-094B-463A-A108-EF64EB48A2A1}.Debug|Any CPU.Build.0 = Debug|Any CPU
		{D17E3072-094B-463A-A108-EF64EB48A2A1}.Release|Any CPU.ActiveCfg = Release|Any CPU
		{D17E3072-094B-463A-A108-EF64EB48A2A1}.Release|Any CPU.Build.0 = Release|Any CPU
	EndGlobalSection
	GlobalSection(SolutionProperties) = preSolution
		HideSolutionNode = FALSE
	EndGlobalSection
	GlobalSection(ExtensibilityGlobals) = postSolution
		SolutionGuid = {B43F0D85-0D9B-4019-857A-3DDD4697118F}
	EndGlobalSection
EndGlobal
