
Microsoft Visual Studio Solution File, Format Version 12.00
# Visual Studio Version 17
VisualStudioVersion = 17.11.35222.181
MinimumVisualStudioVersion = 10.0.40219.1
Project("{FAE04EC0-301F-11D3-BF4B-00C04F79EFBC}") = "Exercicio01", "Exercicio01\Exercicio01.csproj", "{0BA229BF-3DAB-466F-BBC9-F4A8D3873DD1}"
EndProject
Project("{FAE04EC0-301F-11D3-BF4B-00C04F79EFBC}") = "Exercicio02", "Exercicio02\Exercicio02.csproj", "{87004C84-2547-4D0E-B990-C81F4A3F478F}"
EndProject
Project("{FAE04EC0-301F-11D3-BF4B-00C04F79EFBC}") = "Exercicio03", "Exercicio03\Exercicio03.csproj", "{D5A26B7C-7F2F-4975-8548-08C7C15EC4CD}"
EndProject
Project("{FAE04EC0-301F-11D3-BF4B-00C04F79EFBC}") = "Exercicio04", "Exercicio04\Exercicio04.csproj", "{98BCC20F-46AD-4683-9D4E-6ED0F1800C16}"
EndProject
Project("{FAE04EC0-301F-11D3-BF4B-00C04F79EFBC}") = "Exercicio05", "Exercicio05\Exercicio05.csproj", "{BB678B21-DA5B-483C-8CAE-934D8FBA5E17}"
EndProject
Project("{FAE04EC0-301F-11D3-BF4B-00C04F79EFBC}") = "Exercicio06", "Exercicio06\Exercicio06.csproj", "{829AAE5C-188B-4F76-8997-6CBB00192032}"
EndProject
Global
	GlobalSection(SolutionConfigurationPlatforms) = preSolution
		Debug|Any CPU = Debug|Any CPU
		Release|Any CPU = Release|Any CPU
	EndGlobalSection
	GlobalSection(ProjectConfigurationPlatforms) = postSolution
		{0BA229BF-3DAB-466F-BBC9-F4A8D3873DD1}.Debug|Any CPU.ActiveCfg = Debug|Any CPU
		{0BA229BF-3DAB-466F-BBC9-F4A8D3873DD1}.Debug|Any CPU.Build.0 = Debug|Any CPU
		{0BA229BF-3DAB-466F-BBC9-F4A8D3873DD1}.Release|Any CPU.ActiveCfg = Release|Any CPU
		{0BA229BF-3DAB-466F-BBC9-F4A8D3873DD1}.Release|Any CPU.Build.0 = Release|Any CPU
		{87004C84-2547-4D0E-B990-C81F4A3F478F}.Debug|Any CPU.ActiveCfg = Debug|Any CPU
		{87004C84-2547-4D0E-B990-C81F4A3F478F}.Debug|Any CPU.Build.0 = Debug|Any CPU
		{87004C84-2547-4D0E-B990-C81F4A3F478F}.Release|Any CPU.ActiveCfg = Release|Any CPU
		{87004C84-2547-4D0E-B990-C81F4A3F478F}.Release|Any CPU.Build.0 = Release|Any CPU
		{D5A26B7C-7F2F-4975-8548-08C7C15EC4CD}.Debug|Any CPU.ActiveCfg = Debug|Any CPU
		{D5A26B7C-7F2F-4975-8548-08C7C15EC4CD}.Debug|Any CPU.Build.0 = Debug|Any CPU
		{D5A26B7C-7F2F-4975-8548-08C7C15EC4CD}.Release|Any CPU.ActiveCfg = Release|Any CPU
		{D5A26B7C-7F2F-4975-8548-08C7C15EC4CD}.Release|Any CPU.Build.0 = Release|Any CPU
		{98BCC20F-46AD-4683-9D4E-6ED0F1800C16}.Debug|Any CPU.ActiveCfg = Debug|Any CPU
		{98BCC20F-46AD-4683-9D4E-6ED0F1800C16}.Debug|Any CPU.Build.0 = Debug|Any CPU
		{98BCC20F-46AD-4683-9D4E-6ED0F1800C16}.Release|Any CPU.ActiveCfg = Release|Any CPU
		{98BCC20F-46AD-4683-9D4E-6ED0F1800C16}.Release|Any CPU.Build.0 = Release|Any CPU
		{BB678B21-DA5B-483C-8CAE-934D8FBA5E17}.Debug|Any CPU.ActiveCfg = Debug|Any CPU
		{BB678B21-DA5B-483C-8CAE-934D8FBA5E17}.Debug|Any CPU.Build.0 = Debug|Any CPU
		{BB678B21-DA5B-483C-8CAE-934D8FBA5E17}.Release|Any CPU.ActiveCfg = Release|Any CPU
		{BB678B21-DA5B-483C-8CAE-934D8FBA5E17}.Release|Any CPU.Build.0 = Release|Any CPU
		{829AAE5C-188B-4F76-8997-6CBB00192032}.Debug|Any CPU.ActiveCfg = Debug|Any CPU
		{829AAE5C-188B-4F76-8997-6CBB00192032}.Debug|Any CPU.Build.0 = Debug|Any CPU
		{829AAE5C-188B-4F76-8997-6CBB00192032}.Release|Any CPU.ActiveCfg = Release|Any CPU
		{829AAE5C-188B-4F76-8997-6CBB00192032}.Release|Any CPU.Build.0 = Release|Any CPU
	EndGlobalSection
	GlobalSection(SolutionProperties) = preSolution
		HideSolutionNode = FALSE
	EndGlobalSection
	GlobalSection(ExtensibilityGlobals) = postSolution
		SolutionGuid = {B43F0D85-0D9B-4019-857A-3DDD4697118F}
	EndGlobalSection
EndGlobal
